
Microsoft Visual Studio Solution File, Format Version 12.00
# Visual Studio Version 17
VisualStudioVersion = 17.12.35527.113
MinimumVisualStudioVersion = 10.0.40219.1
Project("{2150E333-8FDC-42A3-9474-1A3956D46DE8}") = "TaskManagerSystem.Modules", "TaskManagerSystem.Modules", "{E2CCD6BA-07DC-4092-96B5-41AC14003F69}"
EndProject
Project("{2150E333-8FDC-42A3-9474-1A3956D46DE8}") = "TaskManagerSystem.Shared", "TaskManagerSystem.Shared", "{80372122-F61F-4B1E-913E-3A2CA2BC6AAC}"
EndProject
Project("{2150E333-8FDC-42A3-9474-1A3956D46DE8}") = "Users", "Users", "{040865E9-849F-4F92-811B-9528F54E74BF}"
EndProject
Project("{FAE04EC0-301F-11D3-BF4B-00C04F79EFBC}") = "Modules.Users.Application", "Modules.Users.Application\Modules.Users.Application.csproj", "{4E4472DD-3598-45FB-9DCB-24515BE3E6DF}"
EndProject
Project("{FAE04EC0-301F-11D3-BF4B-00C04F79EFBC}") = "Modules.Users.Controllers", "Modules.Users.Controllers\Modules.Users.Controllers.csproj", "{D6D8DCAA-0F32-4D25-A6AA-FBF7632DD5EE}"
EndProject
Project("{FAE04EC0-301F-11D3-BF4B-00C04F79EFBC}") = "Modules.Users.Core", "Modules.Users.Core\Modules.Users.Core.csproj", "{DB6EF1BA-80DA-40E2-AFFB-E08131B7EECA}"
EndProject
Project("{FAE04EC0-301F-11D3-BF4B-00C04F79EFBC}") = "Modules.Users.Infrastructure", "Modules.Users.Infrastructure\Modules.Users.Infrastructure.csproj", "{87BB0F02-A697-48D4-8A03-E17E2475929C}"
EndProject
Project("{FAE04EC0-301F-11D3-BF4B-00C04F79EFBC}") = "Modules.Shared.Exceptions", "Modules.Shared.Exceptions\Modules.Shared.Exceptions.csproj", "{8A926C65-BF4E-405F-8BCA-1A71907963E3}"
EndProject
Project("{FAE04EC0-301F-11D3-BF4B-00C04F79EFBC}") = "Modules.Shared.Enums", "Modules.Shared.Enums\Modules.Shared.Enums.csproj", "{6421405C-6EAA-4D69-BC66-53E0A916FAE3}"
EndProject
Project("{2150E333-8FDC-42A3-9474-1A3956D46DE8}") = "WorkManagement", "WorkManagement", "{8125AC20-3A34-4FED-B5BD-D25080C5C0B7}"
EndProject
Project("{FAE04EC0-301F-11D3-BF4B-00C04F79EFBC}") = "Modules.WorkManagement.Core", "Modules.WorkManagement.Core\Modules.WorkManagement.Core.csproj", "{E54B9C30-DFBE-4E01-B983-ED927F4D6065}"
EndProject
Project("{FAE04EC0-301F-11D3-BF4B-00C04F79EFBC}") = "Modules.WorkManagement.Application", "Modules.WorkManagement.Application\Modules.WorkManagement.Application.csproj", "{122B1056-6266-4FD2-A388-121A63128130}"
EndProject
Project("{FAE04EC0-301F-11D3-BF4B-00C04F79EFBC}") = "Modules.WorkManagement.Controllers", "Modules.WorkManagement.Controllers\Modules.WorkManagement.Controllers.csproj", "{21CF99A1-88BC-420C-A57A-EB39DC19C5A1}"
EndProject
Project("{FAE04EC0-301F-11D3-BF4B-00C04F79EFBC}") = "Modules.WorkManagement.Infrastructure", "Modules.WorkManagement.Infrastructure\Modules.WorkManagement.Infrastructure.csproj", "{F328B76E-6FA2-45A7-899B-D2564649051E}"
EndProject
Project("{FAE04EC0-301F-11D3-BF4B-00C04F79EFBC}") = "TaskManager.Shared.Infrastructure", "TaskManager.Shared.Infrastructure\TaskManager.Shared.Infrastructure.csproj", "{B4BBD9E0-B957-49E5-8DA1-E638327C006B}"
EndProject
Project("{FAE04EC0-301F-11D3-BF4B-00C04F79EFBC}") = "TaskManager.Shared.Core", "TaskManager.Shared.Core\TaskManager.Shared.Core.csproj", "{BB5CA652-A925-45EA-9058-063A253828D3}"
EndProject
Global
	GlobalSection(SolutionConfigurationPlatforms) = preSolution
		Debug|Any CPU = Debug|Any CPU
		Release|Any CPU = Release|Any CPU
	EndGlobalSection
	GlobalSection(ProjectConfigurationPlatforms) = postSolution
		{4E4472DD-3598-45FB-9DCB-24515BE3E6DF}.Debug|Any CPU.ActiveCfg = Debug|Any CPU
		{4E4472DD-3598-45FB-9DCB-24515BE3E6DF}.Debug|Any CPU.Build.0 = Debug|Any CPU
		{4E4472DD-3598-45FB-9DCB-24515BE3E6DF}.Release|Any CPU.ActiveCfg = Release|Any CPU
		{4E4472DD-3598-45FB-9DCB-24515BE3E6DF}.Release|Any CPU.Build.0 = Release|Any CPU
		{D6D8DCAA-0F32-4D25-A6AA-FBF7632DD5EE}.Debug|Any CPU.ActiveCfg = Debug|Any CPU
		{D6D8DCAA-0F32-4D25-A6AA-FBF7632DD5EE}.Debug|Any CPU.Build.0 = Debug|Any CPU
		{D6D8DCAA-0F32-4D25-A6AA-FBF7632DD5EE}.Release|Any CPU.ActiveCfg = Release|Any CPU
		{D6D8DCAA-0F32-4D25-A6AA-FBF7632DD5EE}.Release|Any CPU.Build.0 = Release|Any CPU
		{DB6EF1BA-80DA-40E2-AFFB-E08131B7EECA}.Debug|Any CPU.ActiveCfg = Debug|Any CPU
		{DB6EF1BA-80DA-40E2-AFFB-E08131B7EECA}.Debug|Any CPU.Build.0 = Debug|Any CPU
		{DB6EF1BA-80DA-40E2-AFFB-E08131B7EECA}.Release|Any CPU.ActiveCfg = Release|Any CPU
		{DB6EF1BA-80DA-40E2-AFFB-E08131B7EECA}.Release|Any CPU.Build.0 = Release|Any CPU
		{87BB0F02-A697-48D4-8A03-E17E2475929C}.Debug|Any CPU.ActiveCfg = Debug|Any CPU
		{87BB0F02-A697-48D4-8A03-E17E2475929C}.Debug|Any CPU.Build.0 = Debug|Any CPU
		{87BB0F02-A697-48D4-8A03-E17E2475929C}.Release|Any CPU.ActiveCfg = Release|Any CPU
		{87BB0F02-A697-48D4-8A03-E17E2475929C}.Release|Any CPU.Build.0 = Release|Any CPU
		{8A926C65-BF4E-405F-8BCA-1A71907963E3}.Debug|Any CPU.ActiveCfg = Debug|Any CPU
		{8A926C65-BF4E-405F-8BCA-1A71907963E3}.Debug|Any CPU.Build.0 = Debug|Any CPU
		{8A926C65-BF4E-405F-8BCA-1A71907963E3}.Release|Any CPU.ActiveCfg = Release|Any CPU
		{8A926C65-BF4E-405F-8BCA-1A71907963E3}.Release|Any CPU.Build.0 = Release|Any CPU
		{6421405C-6EAA-4D69-BC66-53E0A916FAE3}.Debug|Any CPU.ActiveCfg = Debug|Any CPU
		{6421405C-6EAA-4D69-BC66-53E0A916FAE3}.Debug|Any CPU.Build.0 = Debug|Any CPU
		{6421405C-6EAA-4D69-BC66-53E0A916FAE3}.Release|Any CPU.ActiveCfg = Release|Any CPU
		{6421405C-6EAA-4D69-BC66-53E0A916FAE3}.Release|Any CPU.Build.0 = Release|Any CPU
		{E54B9C30-DFBE-4E01-B983-ED927F4D6065}.Debug|Any CPU.ActiveCfg = Debug|Any CPU
		{E54B9C30-DFBE-4E01-B983-ED927F4D6065}.Debug|Any CPU.Build.0 = Debug|Any CPU
		{E54B9C30-DFBE-4E01-B983-ED927F4D6065}.Release|Any CPU.ActiveCfg = Release|Any CPU
		{E54B9C30-DFBE-4E01-B983-ED927F4D6065}.Release|Any CPU.Build.0 = Release|Any CPU
		{122B1056-6266-4FD2-A388-121A63128130}.Debug|Any CPU.ActiveCfg = Debug|Any CPU
		{122B1056-6266-4FD2-A388-121A63128130}.Debug|Any CPU.Build.0 = Debug|Any CPU
		{122B1056-6266-4FD2-A388-121A63128130}.Release|Any CPU.ActiveCfg = Release|Any CPU
		{122B1056-6266-4FD2-A388-121A63128130}.Release|Any CPU.Build.0 = Release|Any CPU
		{21CF99A1-88BC-420C-A57A-EB39DC19C5A1}.Debug|Any CPU.ActiveCfg = Debug|Any CPU
		{21CF99A1-88BC-420C-A57A-EB39DC19C5A1}.Debug|Any CPU.Build.0 = Debug|Any CPU
		{21CF99A1-88BC-420C-A57A-EB39DC19C5A1}.Release|Any CPU.ActiveCfg = Release|Any CPU
		{21CF99A1-88BC-420C-A57A-EB39DC19C5A1}.Release|Any CPU.Build.0 = Release|Any CPU
		{F328B76E-6FA2-45A7-899B-D2564649051E}.Debug|Any CPU.ActiveCfg = Debug|Any CPU
		{F328B76E-6FA2-45A7-899B-D2564649051E}.Debug|Any CPU.Build.0 = Debug|Any CPU
		{F328B76E-6FA2-45A7-899B-D2564649051E}.Release|Any CPU.ActiveCfg = Release|Any CPU
		{F328B76E-6FA2-45A7-899B-D2564649051E}.Release|Any CPU.Build.0 = Release|Any CPU
		{B4BBD9E0-B957-49E5-8DA1-E638327C006B}.Debug|Any CPU.ActiveCfg = Debug|Any CPU
		{B4BBD9E0-B957-49E5-8DA1-E638327C006B}.Debug|Any CPU.Build.0 = Debug|Any CPU
		{B4BBD9E0-B957-49E5-8DA1-E638327C006B}.Release|Any CPU.ActiveCfg = Release|Any CPU
		{B4BBD9E0-B957-49E5-8DA1-E638327C006B}.Release|Any CPU.Build.0 = Release|Any CPU
		{BB5CA652-A925-45EA-9058-063A253828D3}.Debug|Any CPU.ActiveCfg = Debug|Any CPU
		{BB5CA652-A925-45EA-9058-063A253828D3}.Debug|Any CPU.Build.0 = Debug|Any CPU
		{BB5CA652-A925-45EA-9058-063A253828D3}.Release|Any CPU.ActiveCfg = Release|Any CPU
		{BB5CA652-A925-45EA-9058-063A253828D3}.Release|Any CPU.Build.0 = Release|Any CPU
	EndGlobalSection
	GlobalSection(SolutionProperties) = preSolution
		HideSolutionNode = FALSE
	EndGlobalSection
	GlobalSection(NestedProjects) = preSolution
		{040865E9-849F-4F92-811B-9528F54E74BF} = {E2CCD6BA-07DC-4092-96B5-41AC14003F69}
		{4E4472DD-3598-45FB-9DCB-24515BE3E6DF} = {040865E9-849F-4F92-811B-9528F54E74BF}
		{D6D8DCAA-0F32-4D25-A6AA-FBF7632DD5EE} = {040865E9-849F-4F92-811B-9528F54E74BF}
		{DB6EF1BA-80DA-40E2-AFFB-E08131B7EECA} = {040865E9-849F-4F92-811B-9528F54E74BF}
		{87BB0F02-A697-48D4-8A03-E17E2475929C} = {040865E9-849F-4F92-811B-9528F54E74BF}
		{8A926C65-BF4E-405F-8BCA-1A71907963E3} = {80372122-F61F-4B1E-913E-3A2CA2BC6AAC}
		{6421405C-6EAA-4D69-BC66-53E0A916FAE3} = {80372122-F61F-4B1E-913E-3A2CA2BC6AAC}
		{8125AC20-3A34-4FED-B5BD-D25080C5C0B7} = {E2CCD6BA-07DC-4092-96B5-41AC14003F69}
		{E54B9C30-DFBE-4E01-B983-ED927F4D6065} = {8125AC20-3A34-4FED-B5BD-D25080C5C0B7}
		{122B1056-6266-4FD2-A388-121A63128130} = {8125AC20-3A34-4FED-B5BD-D25080C5C0B7}
		{21CF99A1-88BC-420C-A57A-EB39DC19C5A1} = {8125AC20-3A34-4FED-B5BD-D25080C5C0B7}
		{F328B76E-6FA2-45A7-899B-D2564649051E} = {8125AC20-3A34-4FED-B5BD-D25080C5C0B7}
		{B4BBD9E0-B957-49E5-8DA1-E638327C006B} = {80372122-F61F-4B1E-913E-3A2CA2BC6AAC}
		{BB5CA652-A925-45EA-9058-063A253828D3} = {80372122-F61F-4B1E-913E-3A2CA2BC6AAC}
	EndGlobalSection
EndGlobal
